
Microsoft Visual Studio Solution File, Format Version 11.00
# Visual Studio 2010
Project("{FAE04EC0-301F-11D3-BF4B-00C04F79EFBC}") = "Sketch03", "Assembly-CSharp.csproj", "{63CD6F90-FE92-04BD-FC9C-31052107B815}"
EndProject
Project("{FAE04EC0-301F-11D3-BF4B-00C04F79EFBC}") = "Sketch03", "Assembly-CSharp-firstpass.csproj", "{6F1CA1DC-D5CC-9F60-5EE7-8E0077405E47}"
EndProject
Project("{FAE04EC0-301F-11D3-BF4B-00C04F79EFBC}") = "Sketch03", "Assembly-CSharp-Editor-firstpass.csproj", "{1CDEC43F-1CED-BB3E-956F-C1BA0EEEF124}"
EndProject
Global
	GlobalSection(SolutionConfigurationPlatforms) = preSolution
		Debug|Any CPU = Debug|Any CPU
		Release|Any CPU = Release|Any CPU
	EndGlobalSection
	GlobalSection(ProjectConfigurationPlatforms) = postSolution
		{63CD6F90-FE92-04BD-FC9C-31052107B815}.Debug|Any CPU.ActiveCfg = Debug|Any CPU
		{63CD6F90-FE92-04BD-FC9C-31052107B815}.Debug|Any CPU.Build.0 = Debug|Any CPU
		{63CD6F90-FE92-04BD-FC9C-31052107B815}.Release|Any CPU.ActiveCfg = Release|Any CPU
		{63CD6F90-FE92-04BD-FC9C-31052107B815}.Release|Any CPU.Build.0 = Release|Any CPU
		{6F1CA1DC-D5CC-9F60-5EE7-8E0077405E47}.Debug|Any CPU.ActiveCfg = Debug|Any CPU
		{6F1CA1DC-D5CC-9F60-5EE7-8E0077405E47}.Debug|Any CPU.Build.0 = Debug|Any CPU
		{6F1CA1DC-D5CC-9F60-5EE7-8E0077405E47}.Release|Any CPU.ActiveCfg = Release|Any CPU
		{6F1CA1DC-D5CC-9F60-5EE7-8E0077405E47}.Release|Any CPU.Build.0 = Release|Any CPU
		{1CDEC43F-1CED-BB3E-956F-C1BA0EEEF124}.Debug|Any CPU.ActiveCfg = Debug|Any CPU
		{1CDEC43F-1CED-BB3E-956F-C1BA0EEEF124}.Debug|Any CPU.Build.0 = Debug|Any CPU
		{1CDEC43F-1CED-BB3E-956F-C1BA0EEEF124}.Release|Any CPU.ActiveCfg = Release|Any CPU
		{1CDEC43F-1CED-BB3E-956F-C1BA0EEEF124}.Release|Any CPU.Build.0 = Release|Any CPU
	EndGlobalSection
	GlobalSection(SolutionProperties) = preSolution
		HideSolutionNode = FALSE
	EndGlobalSection
	GlobalSection(MonoDevelopProperties) = preSolution
		StartupItem = Assembly-CSharp.csproj
	EndGlobalSection
EndGlobal
